
Microsoft Visual Studio Solution File, Format Version 12.00
# Visual Studio Version 16
VisualStudioVersion = 16.0.31410.357
MinimumVisualStudioVersion = 10.0.40219.1
Project("{FAE04EC0-301F-11D3-BF4B-00C04F79EFBC}") = "Module3HW7", "Module3HW7\Module3HW7.csproj", "{D90AF1F7-1B9B-4C2F-B798-CF485779DBE4}"
EndProject
Global
	GlobalSection(SolutionConfigurationPlatforms) = preSolution
		Debug|Any CPU = Debug|Any CPU
		Release|Any CPU = Release|Any CPU
	EndGlobalSection
	GlobalSection(ProjectConfigurationPlatforms) = postSolution
		{D90AF1F7-1B9B-4C2F-B798-CF485779DBE4}.Debug|Any CPU.ActiveCfg = Debug|Any CPU
		{D90AF1F7-1B9B-4C2F-B798-CF485779DBE4}.Debug|Any CPU.Build.0 = Debug|Any CPU
		{D90AF1F7-1B9B-4C2F-B798-CF485779DBE4}.Release|Any CPU.ActiveCfg = Release|Any CPU
		{D90AF1F7-1B9B-4C2F-B798-CF485779DBE4}.Release|Any CPU.Build.0 = Release|Any CPU
	EndGlobalSection
	GlobalSection(SolutionProperties) = preSolution
		HideSolutionNode = FALSE
	EndGlobalSection
	GlobalSection(ExtensibilityGlobals) = postSolution
		SolutionGuid = {48C6FE00-4058-48CF-B8A7-979E0BA15092}
	EndGlobalSection
EndGlobal
